{
  "object": {
    "pins": [
      {
        "package": "MIOCore",
        "repositoryURL": "https://github.com/miolabs/MIOCore.git",
        "state": {
          "branch": "master",
          "revision": "a357cf5215f9bcae6e99eb66ce1f8ceeaf1fc6a9",
          "version": null
        }
      }
    ]
  },
  "version": 1
}
