{
  "object": {
    "pins": [
      {
        "package": "MIOCore",
        "repositoryURL": "https://github.com/miolabs/MIOCore.git",
        "state": {
          "branch": "master",
          "revision": "e6be6ee8bfe939dccef48d579ab733f66ab99a94",
          "version": null
        }
      }
    ]
  },
  "version": 1
}
